{
  "name": "zoomdata-sdk-node",
  "version": "1.0.0",
  "lockfileVersion": 1,
  "requires": true,
  "dependencies": {
    "amdefine": {
      "version": "1.0.1",
      "resolved": "https://registry.npmjs.org/amdefine/-/amdefine-1.0.1.tgz",
      "integrity": "sha1-SlKCrBZHKek2Gbz9OtFR+BfOkfU="
    },
    "apply-css": {
      "version": "1.0.2",
      "resolved": "https://registry.npmjs.org/apply-css/-/apply-css-1.0.2.tgz",
      "integrity": "sha1-5kQ9ybqNK60AzTTDiolR5aiaJNY=",
      "requires": {
        "css": "2.2.1",
        "cuid": "1.3.8",
        "insert-css": "0.2.0"
      }
    },
    "asap": {
      "version": "1.0.0",
      "resolved": "https://registry.npmjs.org/asap/-/asap-1.0.0.tgz",
      "integrity": "sha1-sqRdpf36ILBJb8N2jMJ8EvqRan0="
    },
    "atob": {
      "version": "1.1.3",
      "resolved": "https://registry.npmjs.org/atob/-/atob-1.1.3.tgz",
      "integrity": "sha1-lfE2KbEsOlGl0hWr3OKqnzL4B3M="
    },
    "browser-fingerprint": {
      "version": "0.0.1",
      "resolved": "https://registry.npmjs.org/browser-fingerprint/-/browser-fingerprint-0.0.1.tgz",
      "integrity": "sha1-jfPNyiW/fVs1QtYVRdcwBT/OYEo="
    },
    "chroma-js": {
      "version": "1.1.1",
      "resolved": "https://registry.npmjs.org/chroma-js/-/chroma-js-1.1.1.tgz",
      "integrity": "sha1-m7lDSVkzbs51cAqq3+7ccYBtjAU="
    },
    "colorbrewer": {
      "version": "0.0.2",
      "resolved": "https://registry.npmjs.org/colorbrewer/-/colorbrewer-0.0.2.tgz",
      "integrity": "sha1-kPocRBtDar8b+7NSxLWf11480ZQ="
    },
    "core-js": {
      "version": "1.2.7",
      "resolved": "https://registry.npmjs.org/core-js/-/core-js-1.2.7.tgz",
      "integrity": "sha1-ZSKUwUZR2yj6k70tX/KYOk8IxjY="
    },
    "css": {
      "version": "2.2.1",
      "resolved": "https://registry.npmjs.org/css/-/css-2.2.1.tgz",
      "integrity": "sha1-c6TIHehdtmTU7mdPfUcIXjstVdw=",
      "requires": {
        "inherits": "2.0.3",
        "source-map": "0.1.43",
        "source-map-resolve": "0.3.1",
        "urix": "0.1.0"
      }
    },
    "cuid": {
      "version": "1.3.8",
      "resolved": "https://registry.npmjs.org/cuid/-/cuid-1.3.8.tgz",
      "integrity": "sha1-S4deCWm612T37AcGz0T1+wgx9rc=",
      "requires": {
        "browser-fingerprint": "0.0.1",
        "core-js": "1.2.7",
        "node-fingerprint": "0.0.2"
      }
    },
    "data-set": {
      "version": "4.0.0",
      "resolved": "https://registry.npmjs.org/data-set/-/data-set-4.0.0.tgz",
      "integrity": "sha1-yrwddbNyu1hZzpi6x0ng/cCVpgQ=",
      "requires": {
        "individual": "2.0.0",
        "weakmap-shim": "1.0.0"
      }
    },
    "encoding": {
      "version": "0.1.12",
      "resolved": "https://registry.npmjs.org/encoding/-/encoding-0.1.12.tgz",
      "integrity": "sha1-U4tm8+5izRq1HsMjgp0flIDHS+s=",
      "requires": {
        "iconv-lite": "0.4.19"
      }
    },
    "iconv-lite": {
      "version": "0.4.19",
      "resolved": "https://registry.npmjs.org/iconv-lite/-/iconv-lite-0.4.19.tgz",
      "integrity": "sha512-oTZqweIP51xaGPI4uPa56/Pri/480R+mo7SeU+YETByQNhDG55ycFyNLIgta9vXhILrxXDmF7ZGhqZIcuN0gJQ=="
    },
    "immutable": {
      "version": "3.8.1",
      "resolved": "https://registry.npmjs.org/immutable/-/immutable-3.8.1.tgz",
      "integrity": "sha1-IAgH8Rqw9ycQ6khVQt4IgHX2jNI="
    },
    "individual": {
      "version": "2.0.0",
      "resolved": "https://registry.npmjs.org/individual/-/individual-2.0.0.tgz",
      "integrity": "sha1-gzsJfa0jKU52EXqY+zjg2a1hu5c="
    },
    "inherit": {
      "version": "2.2.2",
      "resolved": "https://registry.npmjs.org/inherit/-/inherit-2.2.2.tgz",
      "integrity": "sha1-O1s0F9Q0+BojTWj3lhJhXkFiRKM="
    },
    "inherits": {
      "version": "2.0.3",
      "resolved": "https://registry.npmjs.org/inherits/-/inherits-2.0.3.tgz",
      "integrity": "sha1-Yzwsg+PaQqUC9SRmAiSA9CCCYd4="
    },
    "insert-css": {
      "version": "0.2.0",
      "resolved": "https://registry.npmjs.org/insert-css/-/insert-css-0.2.0.tgz",
      "integrity": "sha1-0VeJlxZi2YmcKJd/tiINU4HSRRo="
    },
    "is-stream": {
      "version": "1.1.0",
      "resolved": "https://registry.npmjs.org/is-stream/-/is-stream-1.1.0.tgz",
      "integrity": "sha1-EtSj3U5o4Lec6428hBc66A2RykQ="
    },
    "jsonschema": {
      "version": "1.1.0",
      "resolved": "https://registry.npmjs.org/jsonschema/-/jsonschema-1.1.0.tgz",
      "integrity": "sha1-A5zCGe1SSwbnHa8SymDQJjn68po="
    },
    "lodash": {
      "version": "3.9.2",
      "resolved": "https://registry.npmjs.org/lodash/-/lodash-3.9.2.tgz",
      "integrity": "sha1-6GtATjdKd4f9Jyvghpkbe+0s4G8="
    },
    "moment": {
      "version": "2.9.0",
      "resolved": "https://registry.npmjs.org/moment/-/moment-2.9.0.tgz",
      "integrity": "sha1-d+wRdfopT0JifxDI5t5jAsA29tU="
    },
    "moment-timezone": {
      "version": "0.5.13",
      "resolved": "https://registry.npmjs.org/moment-timezone/-/moment-timezone-0.5.13.tgz",
      "integrity": "sha1-mc5cfYJyYusPH3AgRBd/YHRde5A=",
      "requires": {
        "moment": "2.9.0"
      }
    },
    "node-fetch": {
      "version": "1.7.1",
      "resolved": "https://registry.npmjs.org/node-fetch/-/node-fetch-1.7.1.tgz",
      "integrity": "sha512-j8XsFGCLw79vWXkZtMSmmLaOk9z5SQ9bV/tkbZVCqvgwzrjAGq66igobLofHtF63NvMTp2WjytpsNTGKa+XRIQ==",
      "requires": {
        "encoding": "0.1.12",
        "is-stream": "1.1.0"
      }
    },
    "node-fingerprint": {
      "version": "0.0.2",
      "resolved": "https://registry.npmjs.org/node-fingerprint/-/node-fingerprint-0.0.2.tgz",
      "integrity": "sha1-Mcur63GmeufdWn3AQuUcPHWGhQE="
    },
    "promise": {
      "version": "6.1.0",
      "resolved": "https://registry.npmjs.org/promise/-/promise-6.1.0.tgz",
      "integrity": "sha1-LOcp9rlLRcJoka0GAsXJDgTG7vY=",
      "requires": {
        "asap": "1.0.0"
      }
    },
    "resolve-url": {
      "version": "0.2.1",
      "resolved": "https://registry.npmjs.org/resolve-url/-/resolve-url-0.2.1.tgz",
      "integrity": "sha1-LGN/53yJOv0qZj/iGqkIAGjiBSo="
    },
    "rx": {
      "version": "4.1.0",
      "resolved": "https://registry.npmjs.org/rx/-/rx-4.1.0.tgz",
      "integrity": "sha1-pfE/957zt0D+MKqAP7CfmIBdR4I="
    },
    "rx-dom": {
      "version": "7.0.3",
      "resolved": "https://registry.npmjs.org/rx-dom/-/rx-dom-7.0.3.tgz",
      "integrity": "sha1-+HbzmEU//DRqxlGH7dbnF+0R/gk=",
      "requires": {
        "rx": "4.1.0"
      }
    },
    "safe-buffer": {
      "version": "5.0.1",
      "resolved": "https://registry.npmjs.org/safe-buffer/-/safe-buffer-5.0.1.tgz",
      "integrity": "sha1-0mPKVGls2KMGtcplUekt5XkY++c="
    },
    "source-map": {
      "version": "0.1.43",
      "resolved": "https://registry.npmjs.org/source-map/-/source-map-0.1.43.tgz",
      "integrity": "sha1-wkvBRspRfBRx9drL4lcbK3+eM0Y=",
      "requires": {
        "amdefine": "1.0.1"
      }
    },
    "source-map-resolve": {
      "version": "0.3.1",
      "resolved": "https://registry.npmjs.org/source-map-resolve/-/source-map-resolve-0.3.1.tgz",
      "integrity": "sha1-YQ9hIqRFuN1RU1oqcbeD38Ekh2E=",
      "requires": {
        "atob": "1.1.3",
        "resolve-url": "0.2.1",
        "source-map-url": "0.3.0",
        "urix": "0.1.0"
      }
    },
    "source-map-url": {
      "version": "0.3.0",
      "resolved": "https://registry.npmjs.org/source-map-url/-/source-map-url-0.3.0.tgz",
      "integrity": "sha1-fsrxO1e80J2opAxdJp2zN5nUqvk="
    },
    "ultron": {
      "version": "1.1.0",
      "resolved": "https://registry.npmjs.org/ultron/-/ultron-1.1.0.tgz",
      "integrity": "sha1-sHoualQagV/Go0zNRTO67DB8qGQ="
    },
    "urix": {
      "version": "0.1.0",
      "resolved": "https://registry.npmjs.org/urix/-/urix-0.1.0.tgz",
      "integrity": "sha1-2pN/emLiH+wf0Y1Js1wpNQZ6bHI="
    },
    "weakmap-shim": {
      "version": "1.0.0",
      "resolved": "https://registry.npmjs.org/weakmap-shim/-/weakmap-shim-1.0.0.tgz",
      "integrity": "sha1-NtsEtMFjYS5sTdlJcURKInyu80w="
    },
    "whatwg-fetch": {
      "version": "2.0.3",
      "resolved": "https://registry.npmjs.org/whatwg-fetch/-/whatwg-fetch-2.0.3.tgz",
      "integrity": "sha1-nITsLc9oGH/wC8ZOEnS0QhduHIQ="
    },
    "ws": {
      "version": "3.0.0",
      "resolved": "https://registry.npmjs.org/ws/-/ws-3.0.0.tgz",
      "integrity": "sha1-mN2wAFbIOQy3Ued4h4hJf5kQO2w=",
      "requires": {
        "safe-buffer": "5.0.1",
        "ultron": "1.1.0"
      }
    },
    "zoomdata-client": {
      "version": "2.6.1-1",
      "resolved": "https://registry.npmjs.org/zoomdata-client/-/zoomdata-client-2.6.1-1.tgz",
      "integrity": "sha1-UL6WPsFHBaBNPS3MYHx7jT7spMQ=",
      "requires": {
        "apply-css": "1.0.2",
        "chroma-js": "1.1.1",
        "colorbrewer": "0.0.2",
        "data-set": "4.0.0",
        "immutable": "3.8.1",
        "inherit": "2.2.2",
        "jsonschema": "1.1.0",
        "lodash": "3.9.2",
        "moment-timezone": "0.5.13",
        "node-fetch": "1.7.1",
        "numeral": "2.0.6",
        "promise": "6.1.0",
        "rx": "4.1.0",
        "rx-dom": "7.0.3",
        "whatwg-fetch": "2.0.3",
        "ws": "3.0.0"
      },
      "dependencies": {
        "numeral": {
          "version": "2.0.6",
          "resolved": "https://registry.npmjs.org/numeral/-/numeral-2.0.6.tgz",
          "integrity": "sha1-StCAk21EPCVhrtnyGX7//iX05QY="
        }
      }
    }
  }
}
